
Microsoft Visual Studio Solution File, Format Version 12.00
# Visual Studio Version 17
VisualStudioVersion = 17.10.35122.118
MinimumVisualStudioVersion = 10.0.40219.1
Project("{FAE04EC0-301F-11D3-BF4B-00C04F79EFBC}") = "SeaBattleASP", "SeaBattleASP\SeaBattleASP.csproj", "{E9B8B1C4-77D6-4F1E-BB87-989EB3A7348D}"
EndProject
Global
	GlobalSection(SolutionConfigurationPlatforms) = preSolution
		Debug|Any CPU = Debug|Any CPU
		Release|Any CPU = Release|Any CPU
	EndGlobalSection
	GlobalSection(ProjectConfigurationPlatforms) = postSolution
		{E9B8B1C4-77D6-4F1E-BB87-989EB3A7348D}.Debug|Any CPU.ActiveCfg = Debug|Any CPU
		{E9B8B1C4-77D6-4F1E-BB87-989EB3A7348D}.Debug|Any CPU.Build.0 = Debug|Any CPU
		{E9B8B1C4-77D6-4F1E-BB87-989EB3A7348D}.Release|Any CPU.ActiveCfg = Release|Any CPU
		{E9B8B1C4-77D6-4F1E-BB87-989EB3A7348D}.Release|Any CPU.Build.0 = Release|Any CPU
	EndGlobalSection
	GlobalSection(SolutionProperties) = preSolution
		HideSolutionNode = FALSE
	EndGlobalSection
	GlobalSection(ExtensibilityGlobals) = postSolution
		SolutionGuid = {872303DE-B35C-4897-B195-4FBF7E842FAA}
	EndGlobalSection
EndGlobal
